
Microsoft Visual Studio Solution File, Format Version 12.00
# Visual Studio Version 18
VisualStudioVersion = 18.5.11716.220
MinimumVisualStudioVersion = 10.0.40219.1
Project("{FAE04EC0-301F-11D3-BF4B-00C04F79EFBC}") = "QuantumZhou.Identity.Contract", "Contract\QuantumZhou.Identity.Contract.csproj", "{A1B2C3D4-E5F6-7890-ABCD-EF1234567A01}"
EndProject
Project("{FAE04EC0-301F-11D3-BF4B-00C04F79EFBC}") = "QuantumZhou.Identity.Database", "Database\QuantumZhou.Identity.Database.csproj", "{B1B2C3D4-E5F6-7890-ABCD-EF1234567B01}"
EndProject
Project("{FAE04EC0-301F-11D3-BF4B-00C04F79EFBC}") = "QuantumZhou.Identity.Domain", "Domain\QuantumZhou.Identity.Domain.csproj", "{C1B2C3D4-E5F6-7890-ABCD-EF1234567C01}"
EndProject
Project("{FAE04EC0-301F-11D3-BF4B-00C04F79EFBC}") = "QuantumZhou.Identity.Service", "Service\QuantumZhou.Identity.Service.csproj", "{787C293C-173E-4DD0-BC6F-A973BB441EDF}"
EndProject
Project("{FAE04EC0-301F-11D3-BF4B-00C04F79EFBC}") = "QuantumZhou.Identity.Host", "Host\QuantumZhou.Identity.Host.csproj", "{83EAD099-279E-4A8F-A4A5-E7868850E59A}"
EndProject
Project("{FAE04EC0-301F-11D3-BF4B-00C04F79EFBC}") = "QuantumZhou.Identity.Tests", "Tests\unit\QuantumZhou.Identity.Tests.csproj", "{F1B2C3D4-E5F6-7890-ABCD-EF1234567F01}"
EndProject
Project("{2150E333-8FDC-42A3-9474-1A3956D46DE8}") = "backend", "backend", "{1AE8ACA6-933B-BF2A-3671-3E2EAC007D16}"
EndProject
Project("{2150E333-8FDC-42A3-9474-1A3956D46DE8}") = "Client", "Client", "{1D3C7E2D-5D29-5EF2-EF7B-F9A57286D31A}"
EndProject
Project("{FAE04EC0-301F-11D3-BF4B-00C04F79EFBC}") = "QuantumZhou.Identity.Client", "Client\QuantumZhou.Identity.Client.csproj", "{A55CE5F4-0B7E-4790-973A-B069DDB72489}"
EndProject
Project("{2150E333-8FDC-42A3-9474-1A3956D46DE8}") = "Contract", "Contract", "{DDD1C244-40D2-49A4-2646-3131DE4C97B8}"
EndProject
Project("{2150E333-8FDC-42A3-9474-1A3956D46DE8}") = "test", "test", "{0C88DD14-F956-CE84-757C-A364CCF449FC}"
EndProject
Project("{2150E333-8FDC-42A3-9474-1A3956D46DE8}") = "Client", "Client", "{94BF2C6E-1A60-14A0-086F-6FECE3786F92}"
EndProject
Project("{FAE04EC0-301F-11D3-BF4B-00C04F79EFBC}") = "QuantumZhou.Identity.Client.Tests", "Tests\unit\Client\QuantumZhou.Identity.Client.Tests.csproj", "{D2753C05-54B6-4D34-B0CF-5BC5033B105B}"
EndProject
Project("{2150E333-8FDC-42A3-9474-1A3956D46DE8}") = "integration", "integration", "{8C86A2ED-81A4-EB4F-37AF-255EBAE6B292}"
EndProject
Project("{FAE04EC0-301F-11D3-BF4B-00C04F79EFBC}") = "QuantumZhou.Identity.IntegrationTests", "Tests\integration\QuantumZhou.Identity.IntegrationTests.csproj", "{EA268FC4-557C-46FC-8283-24D6E7182D2F}"
EndProject
Project("{2150E333-8FDC-42A3-9474-1A3956D46DE8}") = "Database", "Database", "{EE7D5C40-CE64-762A-5D4C-D6892A30AE57}"
EndProject
Project("{2150E333-8FDC-42A3-9474-1A3956D46DE8}") = "Domain", "Domain", "{E207081A-50CB-EAEE-EA3C-82FAA7B89B45}"
EndProject
Project("{2150E333-8FDC-42A3-9474-1A3956D46DE8}") = "Service", "Service", "{48A743EE-9862-E678-3D9A-3A77BB160DF9}"
EndProject
Project("{2150E333-8FDC-42A3-9474-1A3956D46DE8}") = "Host", "Host", "{32EDBA42-B012-A9E3-D6BD-B1FED8C0BF1D}"
EndProject
Global
	GlobalSection(SolutionConfigurationPlatforms) = preSolution
		Debug|Any CPU = Debug|Any CPU
		Debug|x64 = Debug|x64
		Debug|x86 = Debug|x86
		Release|Any CPU = Release|Any CPU
		Release|x64 = Release|x64
		Release|x86 = Release|x86
	EndGlobalSection
	GlobalSection(ProjectConfigurationPlatforms) = postSolution
		{A1B2C3D4-E5F6-7890-ABCD-EF1234567A01}.Debug|Any CPU.ActiveCfg = Debug|Any CPU
		{A1B2C3D4-E5F6-7890-ABCD-EF1234567A01}.Debug|Any CPU.Build.0 = Debug|Any CPU
		{A1B2C3D4-E5F6-7890-ABCD-EF1234567A01}.Debug|x64.ActiveCfg = Debug|Any CPU
		{A1B2C3D4-E5F6-7890-ABCD-EF1234567A01}.Debug|x64.Build.0 = Debug|Any CPU
		{A1B2C3D4-E5F6-7890-ABCD-EF1234567A01}.Debug|x86.ActiveCfg = Debug|Any CPU
		{A1B2C3D4-E5F6-7890-ABCD-EF1234567A01}.Debug|x86.Build.0 = Debug|Any CPU
		{A1B2C3D4-E5F6-7890-ABCD-EF1234567A01}.Release|Any CPU.ActiveCfg = Release|Any CPU
		{A1B2C3D4-E5F6-7890-ABCD-EF1234567A01}.Release|Any CPU.Build.0 = Release|Any CPU
		{A1B2C3D4-E5F6-7890-ABCD-EF1234567A01}.Release|x64.ActiveCfg = Release|Any CPU
		{A1B2C3D4-E5F6-7890-ABCD-EF1234567A01}.Release|x64.Build.0 = Release|Any CPU
		{A1B2C3D4-E5F6-7890-ABCD-EF1234567A01}.Release|x86.ActiveCfg = Release|Any CPU
		{A1B2C3D4-E5F6-7890-ABCD-EF1234567A01}.Release|x86.Build.0 = Release|Any CPU
		{B1B2C3D4-E5F6-7890-ABCD-EF1234567B01}.Debug|Any CPU.ActiveCfg = Debug|Any CPU
		{B1B2C3D4-E5F6-7890-ABCD-EF1234567B01}.Debug|Any CPU.Build.0 = Debug|Any CPU
		{B1B2C3D4-E5F6-7890-ABCD-EF1234567B01}.Debug|x64.ActiveCfg = Debug|Any CPU
		{B1B2C3D4-E5F6-7890-ABCD-EF1234567B01}.Debug|x64.Build.0 = Debug|Any CPU
		{B1B2C3D4-E5F6-7890-ABCD-EF1234567B01}.Debug|x86.ActiveCfg = Debug|Any CPU
		{B1B2C3D4-E5F6-7890-ABCD-EF1234567B01}.Debug|x86.Build.0 = Debug|Any CPU
		{B1B2C3D4-E5F6-7890-ABCD-EF1234567B01}.Release|Any CPU.ActiveCfg = Release|Any CPU
		{B1B2C3D4-E5F6-7890-ABCD-EF1234567B01}.Release|Any CPU.Build.0 = Release|Any CPU
		{B1B2C3D4-E5F6-7890-ABCD-EF1234567B01}.Release|x64.ActiveCfg = Release|Any CPU
		{B1B2C3D4-E5F6-7890-ABCD-EF1234567B01}.Release|x64.Build.0 = Release|Any CPU
		{B1B2C3D4-E5F6-7890-ABCD-EF1234567B01}.Release|x86.ActiveCfg = Release|Any CPU
		{B1B2C3D4-E5F6-7890-ABCD-EF1234567B01}.Release|x86.Build.0 = Release|Any CPU
		{C1B2C3D4-E5F6-7890-ABCD-EF1234567C01}.Debug|Any CPU.ActiveCfg = Debug|Any CPU
		{C1B2C3D4-E5F6-7890-ABCD-EF1234567C01}.Debug|Any CPU.Build.0 = Debug|Any CPU
		{C1B2C3D4-E5F6-7890-ABCD-EF1234567C01}.Debug|x64.ActiveCfg = Debug|Any CPU
		{C1B2C3D4-E5F6-7890-ABCD-EF1234567C01}.Debug|x64.Build.0 = Debug|Any CPU
		{C1B2C3D4-E5F6-7890-ABCD-EF1234567C01}.Debug|x86.ActiveCfg = Debug|Any CPU
		{C1B2C3D4-E5F6-7890-ABCD-EF1234567C01}.Debug|x86.Build.0 = Debug|Any CPU
		{C1B2C3D4-E5F6-7890-ABCD-EF1234567C01}.Release|Any CPU.ActiveCfg = Release|Any CPU
		{C1B2C3D4-E5F6-7890-ABCD-EF1234567C01}.Release|Any CPU.Build.0 = Release|Any CPU
		{C1B2C3D4-E5F6-7890-ABCD-EF1234567C01}.Release|x64.ActiveCfg = Release|Any CPU
		{C1B2C3D4-E5F6-7890-ABCD-EF1234567C01}.Release|x64.Build.0 = Release|Any CPU
		{C1B2C3D4-E5F6-7890-ABCD-EF1234567C01}.Release|x86.ActiveCfg = Release|Any CPU
		{C1B2C3D4-E5F6-7890-ABCD-EF1234567C01}.Release|x86.Build.0 = Release|Any CPU
		{787C293C-173E-4DD0-BC6F-A973BB441EDF}.Debug|Any CPU.ActiveCfg = Debug|Any CPU
		{787C293C-173E-4DD0-BC6F-A973BB441EDF}.Debug|Any CPU.Build.0 = Debug|Any CPU
		{787C293C-173E-4DD0-BC6F-A973BB441EDF}.Debug|x64.ActiveCfg = Debug|Any CPU
		{787C293C-173E-4DD0-BC6F-A973BB441EDF}.Debug|x64.Build.0 = Debug|Any CPU
		{787C293C-173E-4DD0-BC6F-A973BB441EDF}.Debug|x86.ActiveCfg = Debug|Any CPU
		{787C293C-173E-4DD0-BC6F-A973BB441EDF}.Debug|x86.Build.0 = Debug|Any CPU
		{787C293C-173E-4DD0-BC6F-A973BB441EDF}.Release|Any CPU.ActiveCfg = Release|Any CPU
		{787C293C-173E-4DD0-BC6F-A973BB441EDF}.Release|Any CPU.Build.0 = Release|Any CPU
		{787C293C-173E-4DD0-BC6F-A973BB441EDF}.Release|x64.ActiveCfg = Release|Any CPU
		{787C293C-173E-4DD0-BC6F-A973BB441EDF}.Release|x64.Build.0 = Release|Any CPU
		{787C293C-173E-4DD0-BC6F-A973BB441EDF}.Release|x86.ActiveCfg = Release|Any CPU
		{787C293C-173E-4DD0-BC6F-A973BB441EDF}.Release|x86.Build.0 = Release|Any CPU
		{83EAD099-279E-4A8F-A4A5-E7868850E59A}.Debug|Any CPU.ActiveCfg = Debug|Any CPU
		{83EAD099-279E-4A8F-A4A5-E7868850E59A}.Debug|Any CPU.Build.0 = Debug|Any CPU
		{83EAD099-279E-4A8F-A4A5-E7868850E59A}.Debug|x64.ActiveCfg = Debug|Any CPU
		{83EAD099-279E-4A8F-A4A5-E7868850E59A}.Debug|x64.Build.0 = Debug|Any CPU
		{83EAD099-279E-4A8F-A4A5-E7868850E59A}.Debug|x86.ActiveCfg = Debug|Any CPU
		{83EAD099-279E-4A8F-A4A5-E7868850E59A}.Debug|x86.Build.0 = Debug|Any CPU
		{83EAD099-279E-4A8F-A4A5-E7868850E59A}.Release|Any CPU.ActiveCfg = Release|Any CPU
		{83EAD099-279E-4A8F-A4A5-E7868850E59A}.Release|Any CPU.Build.0 = Release|Any CPU
		{83EAD099-279E-4A8F-A4A5-E7868850E59A}.Release|x64.ActiveCfg = Release|Any CPU
		{83EAD099-279E-4A8F-A4A5-E7868850E59A}.Release|x64.Build.0 = Release|Any CPU
		{83EAD099-279E-4A8F-A4A5-E7868850E59A}.Release|x86.ActiveCfg = Release|Any CPU
		{83EAD099-279E-4A8F-A4A5-E7868850E59A}.Release|x86.Build.0 = Release|Any CPU
		{F1B2C3D4-E5F6-7890-ABCD-EF1234567F01}.Debug|Any CPU.ActiveCfg = Debug|Any CPU
		{F1B2C3D4-E5F6-7890-ABCD-EF1234567F01}.Debug|Any CPU.Build.0 = Debug|Any CPU
		{F1B2C3D4-E5F6-7890-ABCD-EF1234567F01}.Debug|x64.ActiveCfg = Debug|Any CPU
		{F1B2C3D4-E5F6-7890-ABCD-EF1234567F01}.Debug|x64.Build.0 = Debug|Any CPU
		{F1B2C3D4-E5F6-7890-ABCD-EF1234567F01}.Debug|x86.ActiveCfg = Debug|Any CPU
		{F1B2C3D4-E5F6-7890-ABCD-EF1234567F01}.Debug|x86.Build.0 = Debug|Any CPU
		{F1B2C3D4-E5F6-7890-ABCD-EF1234567F01}.Release|Any CPU.ActiveCfg = Release|Any CPU
		{F1B2C3D4-E5F6-7890-ABCD-EF1234567F01}.Release|Any CPU.Build.0 = Release|Any CPU
		{F1B2C3D4-E5F6-7890-ABCD-EF1234567F01}.Release|x64.ActiveCfg = Release|Any CPU
		{F1B2C3D4-E5F6-7890-ABCD-EF1234567F01}.Release|x64.Build.0 = Release|Any CPU
		{F1B2C3D4-E5F6-7890-ABCD-EF1234567F01}.Release|x86.ActiveCfg = Release|Any CPU
		{F1B2C3D4-E5F6-7890-ABCD-EF1234567F01}.Release|x86.Build.0 = Release|Any CPU
		{A55CE5F4-0B7E-4790-973A-B069DDB72489}.Debug|Any CPU.ActiveCfg = Debug|Any CPU
		{A55CE5F4-0B7E-4790-973A-B069DDB72489}.Debug|Any CPU.Build.0 = Debug|Any CPU
		{A55CE5F4-0B7E-4790-973A-B069DDB72489}.Debug|x64.ActiveCfg = Debug|Any CPU
		{A55CE5F4-0B7E-4790-973A-B069DDB72489}.Debug|x64.Build.0 = Debug|Any CPU
		{A55CE5F4-0B7E-4790-973A-B069DDB72489}.Debug|x86.ActiveCfg = Debug|Any CPU
		{A55CE5F4-0B7E-4790-973A-B069DDB72489}.Debug|x86.Build.0 = Debug|Any CPU
		{A55CE5F4-0B7E-4790-973A-B069DDB72489}.Release|Any CPU.ActiveCfg = Release|Any CPU
		{A55CE5F4-0B7E-4790-973A-B069DDB72489}.Release|Any CPU.Build.0 = Release|Any CPU
		{A55CE5F4-0B7E-4790-973A-B069DDB72489}.Release|x64.ActiveCfg = Release|Any CPU
		{A55CE5F4-0B7E-4790-973A-B069DDB72489}.Release|x64.Build.0 = Release|Any CPU
		{A55CE5F4-0B7E-4790-973A-B069DDB72489}.Release|x86.ActiveCfg = Release|Any CPU
		{A55CE5F4-0B7E-4790-973A-B069DDB72489}.Release|x86.Build.0 = Release|Any CPU
		{D2753C05-54B6-4D34-B0CF-5BC5033B105B}.Debug|Any CPU.ActiveCfg = Debug|Any CPU
		{D2753C05-54B6-4D34-B0CF-5BC5033B105B}.Debug|Any CPU.Build.0 = Debug|Any CPU
		{D2753C05-54B6-4D34-B0CF-5BC5033B105B}.Debug|x64.ActiveCfg = Debug|Any CPU
		{D2753C05-54B6-4D34-B0CF-5BC5033B105B}.Debug|x64.Build.0 = Debug|Any CPU
		{D2753C05-54B6-4D34-B0CF-5BC5033B105B}.Debug|x86.ActiveCfg = Debug|Any CPU
		{D2753C05-54B6-4D34-B0CF-5BC5033B105B}.Debug|x86.Build.0 = Debug|Any CPU
		{D2753C05-54B6-4D34-B0CF-5BC5033B105B}.Release|Any CPU.ActiveCfg = Release|Any CPU
		{D2753C05-54B6-4D34-B0CF-5BC5033B105B}.Release|Any CPU.Build.0 = Release|Any CPU
		{D2753C05-54B6-4D34-B0CF-5BC5033B105B}.Release|x64.ActiveCfg = Release|Any CPU
		{D2753C05-54B6-4D34-B0CF-5BC5033B105B}.Release|x64.Build.0 = Release|Any CPU
		{D2753C05-54B6-4D34-B0CF-5BC5033B105B}.Release|x86.ActiveCfg = Release|Any CPU
		{D2753C05-54B6-4D34-B0CF-5BC5033B105B}.Release|x86.Build.0 = Release|Any CPU
		{EA268FC4-557C-46FC-8283-24D6E7182D2F}.Debug|Any CPU.ActiveCfg = Debug|Any CPU
		{EA268FC4-557C-46FC-8283-24D6E7182D2F}.Debug|Any CPU.Build.0 = Debug|Any CPU
		{EA268FC4-557C-46FC-8283-24D6E7182D2F}.Debug|x64.ActiveCfg = Debug|Any CPU
		{EA268FC4-557C-46FC-8283-24D6E7182D2F}.Debug|x64.Build.0 = Debug|Any CPU
		{EA268FC4-557C-46FC-8283-24D6E7182D2F}.Debug|x86.ActiveCfg = Debug|Any CPU
		{EA268FC4-557C-46FC-8283-24D6E7182D2F}.Debug|x86.Build.0 = Debug|Any CPU
		{EA268FC4-557C-46FC-8283-24D6E7182D2F}.Release|Any CPU.ActiveCfg = Release|Any CPU
		{EA268FC4-557C-46FC-8283-24D6E7182D2F}.Release|Any CPU.Build.0 = Release|Any CPU
		{EA268FC4-557C-46FC-8283-24D6E7182D2F}.Release|x64.ActiveCfg = Release|Any CPU
		{EA268FC4-557C-46FC-8283-24D6E7182D2F}.Release|x64.Build.0 = Release|Any CPU
		{EA268FC4-557C-46FC-8283-24D6E7182D2F}.Release|x86.ActiveCfg = Release|Any CPU
		{EA268FC4-557C-46FC-8283-24D6E7182D2F}.Release|x86.Build.0 = Release|Any CPU
	EndGlobalSection
	GlobalSection(SolutionProperties) = preSolution
		HideSolutionNode = FALSE
	EndGlobalSection
	GlobalSection(NestedProjects) = preSolution
		{1D3C7E2D-5D29-5EF2-EF7B-F9A57286D31A} = {1AE8ACA6-933B-BF2A-3671-3E2EAC007D16}
		{A55CE5F4-0B7E-4790-973A-B069DDB72489} = {1D3C7E2D-5D29-5EF2-EF7B-F9A57286D31A}
		{DDD1C244-40D2-49A4-2646-3131DE4C97B8} = {1AE8ACA6-933B-BF2A-3671-3E2EAC007D16}
		{94BF2C6E-1A60-14A0-086F-6FECE3786F92} = {0C88DD14-F956-CE84-757C-A364CCF449FC}
		{D2753C05-54B6-4D34-B0CF-5BC5033B105B} = {94BF2C6E-1A60-14A0-086F-6FECE3786F92}
		{8C86A2ED-81A4-EB4F-37AF-255EBAE6B292} = {0C88DD14-F956-CE84-757C-A364CCF449FC}
		{EA268FC4-557C-46FC-8283-24D6E7182D2F} = {8C86A2ED-81A4-EB4F-37AF-255EBAE6B292}
		{EE7D5C40-CE64-762A-5D4C-D6892A30AE57} = {1AE8ACA6-933B-BF2A-3671-3E2EAC007D16}
		{E207081A-50CB-EAEE-EA3C-82FAA7B89B45} = {1AE8ACA6-933B-BF2A-3671-3E2EAC007D16}
		{48A743EE-9862-E678-3D9A-3A77BB160DF9} = {1AE8ACA6-933B-BF2A-3671-3E2EAC007D16}
		{32EDBA42-B012-A9E3-D6BD-B1FED8C0BF1D} = {1AE8ACA6-933B-BF2A-3671-3E2EAC007D16}
	EndGlobalSection
EndGlobal
